{
	"name": "protowatch",
	"version": "0.1.0",
	"lockfileVersion": 1,
	"requires": true,
	"dependencies": {
		"amdefine": {
			"version": "1.0.1",
			"resolved": "https://registry.npmjs.org/amdefine/-/amdefine-1.0.1.tgz",
			"integrity": "sha1-SlKCrBZHKek2Gbz9OtFR+BfOkfU="
		},
		"async": {
			"version": "0.2.10",
			"resolved": "https://registry.npmjs.org/async/-/async-0.2.10.tgz",
			"integrity": "sha1-trvgsGdLnXGXCMo43owjfLUmw9E="
		},
		"coffee-script": {
			"version": "1.6.3",
			"resolved": "https://registry.npmjs.org/coffee-script/-/coffee-script-1.6.3.tgz",
			"integrity": "sha1-Y1XTLPGwTN/2tITl5xF4Ky8MOb4="
		},
		"commander": {
			"version": "0.6.1",
			"resolved": "https://registry.npmjs.org/commander/-/commander-0.6.1.tgz",
			"integrity": "sha1-+mihT2qUXVTbvlDYzbMyDp47GgY="
		},
		"dep-graph": {
			"version": "1.1.0",
			"resolved": "https://registry.npmjs.org/dep-graph/-/dep-graph-1.1.0.tgz",
			"integrity": "sha1-+t6GqSeZqBPptCURzfPfpsyNvv4=",
			"requires": {
				"underscore": "1.2.1"
			},
			"dependencies": {
				"underscore": {
					"version": "1.2.1",
					"resolved": "https://registry.npmjs.org/underscore/-/underscore-1.2.1.tgz",
					"integrity": "sha1-/FxrB2VnPZKi1KyLTcCqiHAuK9Q="
				}
			}
		},
		"jade": {
			"version": "0.26.3",
			"resolved": "https://registry.npmjs.org/jade/-/jade-0.26.3.tgz",
			"integrity": "sha1-jxDXl32NefL2/4YqgbBRPMslaGw=",
			"requires": {
				"commander": "0.6.1",
				"mkdirp": "0.3.0"
			}
		},
		"less": {
			"version": "1.3.1",
			"resolved": "https://registry.npmjs.org/less/-/less-1.3.1.tgz",
			"integrity": "sha1-TPcomLIIGpZGP5w43KXIn8IKm6g="
		},
		"mime": {
			"version": "1.2.2",
			"resolved": "https://registry.npmjs.org/mime/-/mime-1.2.2.tgz",
			"integrity": "sha1-udY1W/U+jX1WaTEw5FHa/zQBSM8="
		},
		"mkdirp": {
			"version": "0.3.0",
			"resolved": "https://registry.npmjs.org/mkdirp/-/mkdirp-0.3.0.tgz",
			"integrity": "sha1-G79asbqCevI1dRQ0kEJkVfSB/h4="
		},
		"optimist": {
			"version": "0.3.7",
			"resolved": "https://registry.npmjs.org/optimist/-/optimist-0.3.7.tgz",
			"integrity": "sha1-yQlBrVnkJzMokjB00s8ufLxuwNk=",
			"requires": {
				"wordwrap": "~0.0.2"
			}
		},
		"snockets": {
			"version": "1.3.8",
			"resolved": "https://registry.npmjs.org/snockets/-/snockets-1.3.8.tgz",
			"integrity": "sha1-RcGsmRHF/AIwhhCeSQcMN6lg2zI=",
			"requires": {
				"coffee-script": ">=1.1.2",
				"dep-graph": "1.1.0",
				"mime": "1.2.2",
				"uglify-js": "1.0.7",
				"underscore": "1.1.7"
			},
			"dependencies": {
				"uglify-js": {
					"version": "1.0.7",
					"resolved": "https://registry.npmjs.org/uglify-js/-/uglify-js-1.0.7.tgz",
					"integrity": "sha1-K3oQ5ij4gCmlU9K0u7F0CTQ3VcA="
				}
			}
		},
		"source-map": {
			"version": "0.1.22",
			"resolved": "https://registry.npmjs.org/source-map/-/source-map-0.1.22.tgz",
			"integrity": "sha1-QlkGFi+BvxEFUszJkx26B56fE0E=",
			"requires": {
				"amdefine": ">=0.0.4"
			}
		},
		"uglify-js": {
			"version": "2.3.3",
			"resolved": "https://registry.npmjs.org/uglify-js/-/uglify-js-2.3.3.tgz",
			"integrity": "sha1-6oLr0W91RA3BQGqcqgVVBQ4ZoNg=",
			"requires": {
				"async": "~0.2.6",
				"optimist": "~0.3.5",
				"source-map": "~0.1.7"
			}
		},
		"underscore": {
			"version": "1.1.7",
			"resolved": "https://registry.npmjs.org/underscore/-/underscore-1.1.7.tgz",
			"integrity": "sha1-QLq4S60Z0jAJbo1u9ii/8FXYPbA="
		},
		"websocket": {
			"version": "1.0.8",
			"resolved": "https://registry.npmjs.org/websocket/-/websocket-1.0.8.tgz",
			"integrity": "sha1-QbBac3396JkSXTND0EQqPMZ6GwA="
		},
		"wordwrap": {
			"version": "0.0.3",
			"resolved": "https://registry.npmjs.org/wordwrap/-/wordwrap-0.0.3.tgz",
			"integrity": "sha1-o9XabNXAvAAI03I0u68b7WMFkQc="
		},
		"wrench": {
			"version": "1.4.4",
			"resolved": "https://registry.npmjs.org/wrench/-/wrench-1.4.4.tgz",
			"integrity": "sha1-f1I+/bcbAQDnfc6DTAZSPL49VOA="
		}
	}
}
