{
	"name": "protowatch",
	"version": "0.1.0",
	"lockfileVersion": 3,
	"requires": true,
	"packages": {
		"": {
			"name": "protowatch",
			"version": "0.1.0",
			"dependencies": {
				"coffee-script": "1.6.x",
				"jade": "0.26.x",
				"less": "1.3.1",
				"snockets": "1.3.8",
				"source-map": "0.1.22",
				"uglify-js": "2.3.3",
				"websocket": "1.0.8",
				"wrench": "1.4.4"
			},
			"engines": {
				"node": ">=0.4"
			}
		},
		"node_modules/amdefine": {
			"version": "1.0.1",
			"resolved": "https://registry.npmjs.org/amdefine/-/amdefine-1.0.1.tgz",
			"integrity": "sha1-SlKCrBZHKek2Gbz9OtFR+BfOkfU=",
			"engines": {
				"node": ">=0.4.2"
			}
		},
		"node_modules/async": {
			"version": "0.2.10",
			"resolved": "https://registry.npmjs.org/async/-/async-0.2.10.tgz",
			"integrity": "sha1-trvgsGdLnXGXCMo43owjfLUmw9E="
		},
		"node_modules/coffee-script": {
			"version": "1.6.3",
			"resolved": "https://registry.npmjs.org/coffee-script/-/coffee-script-1.6.3.tgz",
			"integrity": "sha1-Y1XTLPGwTN/2tITl5xF4Ky8MOb4=",
			"deprecated": "CoffeeScript on NPM has moved to \"coffeescript\" (no hyphen)",
			"bin": {
				"cake": "bin/cake",
				"coffee": "bin/coffee"
			},
			"engines": {
				"node": ">=0.8.0"
			}
		},
		"node_modules/commander": {
			"version": "0.6.1",
			"resolved": "https://registry.npmjs.org/commander/-/commander-0.6.1.tgz",
			"integrity": "sha1-+mihT2qUXVTbvlDYzbMyDp47GgY=",
			"engines": {
				"node": ">= 0.4.x"
			}
		},
		"node_modules/dep-graph": {
			"version": "1.1.0",
			"resolved": "https://registry.npmjs.org/dep-graph/-/dep-graph-1.1.0.tgz",
			"integrity": "sha1-+t6GqSeZqBPptCURzfPfpsyNvv4=",
			"dependencies": {
				"underscore": "1.2.1"
			},
			"engines": {
				"node": "*"
			}
		},
		"node_modules/dep-graph/node_modules/underscore": {
			"version": "1.2.1",
			"resolved": "https://registry.npmjs.org/underscore/-/underscore-1.2.1.tgz",
			"integrity": "sha1-/FxrB2VnPZKi1KyLTcCqiHAuK9Q=",
			"engines": {
				"node": "*"
			}
		},
		"node_modules/jade": {
			"version": "0.26.3",
			"resolved": "https://registry.npmjs.org/jade/-/jade-0.26.3.tgz",
			"integrity": "sha1-jxDXl32NefL2/4YqgbBRPMslaGw=",
			"deprecated": "Jade has been renamed to pug, please install the latest version of pug instead of jade",
			"dependencies": {
				"commander": "0.6.1",
				"mkdirp": "0.3.0"
			},
			"bin": {
				"jade": "bin/jade"
			}
		},
		"node_modules/less": {
			"version": "1.3.1",
			"resolved": "https://registry.npmjs.org/less/-/less-1.3.1.tgz",
			"integrity": "sha1-TPcomLIIGpZGP5w43KXIn8IKm6g=",
			"bin": {
				"lessc": "bin/lessc"
			},
			"engines": {
				"node": ">=0.4.0"
			}
		},
		"node_modules/mime": {
			"version": "1.2.2",
			"resolved": "https://registry.npmjs.org/mime/-/mime-1.2.2.tgz",
			"integrity": "sha1-udY1W/U+jX1WaTEw5FHa/zQBSM8=",
			"engines": {
				"node": "*"
			}
		},
		"node_modules/mkdirp": {
			"version": "0.3.0",
			"resolved": "https://registry.npmjs.org/mkdirp/-/mkdirp-0.3.0.tgz",
			"integrity": "sha1-G79asbqCevI1dRQ0kEJkVfSB/h4=",
			"deprecated": "Legacy versions of mkdirp are no longer supported. Please update to mkdirp 1.x. (Note that the API surface has changed to use Promises in 1.x.)",
			"engines": {
				"node": "*"
			}
		},
		"node_modules/optimist": {
			"version": "0.3.7",
			"resolved": "https://registry.npmjs.org/optimist/-/optimist-0.3.7.tgz",
			"integrity": "sha1-yQlBrVnkJzMokjB00s8ufLxuwNk=",
			"dependencies": {
				"wordwrap": "~0.0.2"
			}
		},
		"node_modules/snockets": {
			"version": "1.3.8",
			"resolved": "https://registry.npmjs.org/snockets/-/snockets-1.3.8.tgz",
			"integrity": "sha1-RcGsmRHF/AIwhhCeSQcMN6lg2zI=",
			"dependencies": {
				"coffee-script": ">=1.1.2",
				"dep-graph": "1.1.0",
				"mime": "1.2.2",
				"uglify-js": "1.0.7",
				"underscore": "1.1.7"
			}
		},
		"node_modules/snockets/node_modules/uglify-js": {
			"version": "1.0.7",
			"resolved": "https://registry.npmjs.org/uglify-js/-/uglify-js-1.0.7.tgz",
			"integrity": "sha1-K3oQ5ij4gCmlU9K0u7F0CTQ3VcA=",
			"bin": {
				"uglifyjs": "bin/uglifyjs"
			},
			"engines": {
				"node": "*"
			}
		},
		"node_modules/source-map": {
			"version": "0.1.22",
			"resolved": "https://registry.npmjs.org/source-map/-/source-map-0.1.22.tgz",
			"integrity": "sha1-QlkGFi+BvxEFUszJkx26B56fE0E=",
			"dependencies": {
				"amdefine": ">=0.0.4"
			},
			"engines": {
				"node": ">=0.8.0"
			}
		},
		"node_modules/uglify-js": {
			"version": "2.3.3",
			"resolved": "https://registry.npmjs.org/uglify-js/-/uglify-js-2.3.3.tgz",
			"integrity": "sha1-6oLr0W91RA3BQGqcqgVVBQ4ZoNg=",
			"dependencies": {
				"async": "~0.2.6",
				"optimist": "~0.3.5",
				"source-map": "~0.1.7"
			},
			"bin": {
				"uglifyjs": "bin/uglifyjs"
			},
			"engines": {
				"node": ">=0.4.0"
			}
		},
		"node_modules/underscore": {
			"version": "1.1.7",
			"resolved": "https://registry.npmjs.org/underscore/-/underscore-1.1.7.tgz",
			"integrity": "sha1-QLq4S60Z0jAJbo1u9ii/8FXYPbA=",
			"engines": {
				"node": "*"
			}
		},
		"node_modules/websocket": {
			"version": "1.0.8",
			"resolved": "https://registry.npmjs.org/websocket/-/websocket-1.0.8.tgz",
			"integrity": "sha1-QbBac3396JkSXTND0EQqPMZ6GwA=",
			"hasInstallScript": true,
			"engines": {
				"node": ">=0.6.10"
			}
		},
		"node_modules/wordwrap": {
			"version": "0.0.3",
			"resolved": "https://registry.npmjs.org/wordwrap/-/wordwrap-0.0.3.tgz",
			"integrity": "sha1-o9XabNXAvAAI03I0u68b7WMFkQc=",
			"engines": {
				"node": ">=0.4.0"
			}
		},
		"node_modules/wrench": {
			"version": "1.4.4",
			"resolved": "https://registry.npmjs.org/wrench/-/wrench-1.4.4.tgz",
			"integrity": "sha1-f1I+/bcbAQDnfc6DTAZSPL49VOA=",
			"deprecated": "wrench.js is deprecated! You should check out fs-extra (https://github.com/jprichardson/node-fs-extra) for any operations you were using wrench for. Thanks for all the usage over the years.",
			"engines": {
				"node": ">=0.1.97"
			}
		}
	}
}
