{
	"name": "protowatch",
	"version": "0.1.0",
	"lockfileVersion": 1,
	"requires": true,
	"dependencies": {
		"align-text": {
			"version": "0.1.4",
			"resolved": "https://registry.npmjs.org/align-text/-/align-text-0.1.4.tgz",
			"integrity": "sha1-DNkKVhCT810KmSVsIrcGlDP60Rc=",
			"requires": {
				"kind-of": "^3.0.2",
				"longest": "^1.0.1",
				"repeat-string": "^1.5.2"
			}
		},
		"amdefine": {
			"version": "1.0.1",
			"resolved": "https://registry.npmjs.org/amdefine/-/amdefine-1.0.1.tgz",
			"integrity": "sha1-SlKCrBZHKek2Gbz9OtFR+BfOkfU="
		},
		"async": {
			"version": "0.2.10",
			"resolved": "https://registry.npmjs.org/async/-/async-0.2.10.tgz",
			"integrity": "sha1-trvgsGdLnXGXCMo43owjfLUmw9E="
		},
		"camelcase": {
			"version": "1.2.1",
			"resolved": "https://registry.npmjs.org/camelcase/-/camelcase-1.2.1.tgz",
			"integrity": "sha1-m7UwTS4LVmmLLHWLCKPqqdqlijk="
		},
		"center-align": {
			"version": "0.1.3",
			"resolved": "https://registry.npmjs.org/center-align/-/center-align-0.1.3.tgz",
			"integrity": "sha1-qg0yYptu6XIgBBHL1EYckHvCt60=",
			"requires": {
				"align-text": "^0.1.3",
				"lazy-cache": "^1.0.3"
			}
		},
		"cliui": {
			"version": "2.1.0",
			"resolved": "https://registry.npmjs.org/cliui/-/cliui-2.1.0.tgz",
			"integrity": "sha1-S0dXYP+AJkx2LDoXGQMukcf+oNE=",
			"requires": {
				"center-align": "^0.1.1",
				"right-align": "^0.1.1",
				"wordwrap": "0.0.2"
			}
		},
		"coffee-script": {
			"version": "1.6.3",
			"resolved": "https://registry.npmjs.org/coffee-script/-/coffee-script-1.6.3.tgz",
			"integrity": "sha1-Y1XTLPGwTN/2tITl5xF4Ky8MOb4="
		},
		"commander": {
			"version": "0.6.1",
			"resolved": "https://registry.npmjs.org/commander/-/commander-0.6.1.tgz",
			"integrity": "sha1-+mihT2qUXVTbvlDYzbMyDp47GgY="
		},
		"decamelize": {
			"version": "1.2.0",
			"resolved": "https://registry.npmjs.org/decamelize/-/decamelize-1.2.0.tgz",
			"integrity": "sha1-9lNNFRSCabIDUue+4m9QH5oZEpA="
		},
		"dep-graph": {
			"version": "1.1.0",
			"resolved": "https://registry.npmjs.org/dep-graph/-/dep-graph-1.1.0.tgz",
			"integrity": "sha1-+t6GqSeZqBPptCURzfPfpsyNvv4=",
			"requires": {
				"underscore": "1.2.1"
			},
			"dependencies": {
				"underscore": {
					"version": "1.2.1",
					"resolved": "https://registry.npmjs.org/underscore/-/underscore-1.2.1.tgz",
					"integrity": "sha1-/FxrB2VnPZKi1KyLTcCqiHAuK9Q="
				}
			}
		},
		"is-buffer": {
			"version": "1.1.6",
			"resolved": "https://registry.npmjs.org/is-buffer/-/is-buffer-1.1.6.tgz",
			"integrity": "sha512-NcdALwpXkTm5Zvvbk7owOUSvVvBKDgKP5/ewfXEznmQFfs4ZRmanOeKBTjRVjka3QFoN6XJ+9F3USqfHqTaU5w=="
		},
		"jade": {
			"version": "0.26.3",
			"resolved": "https://registry.npmjs.org/jade/-/jade-0.26.3.tgz",
			"integrity": "sha1-jxDXl32NefL2/4YqgbBRPMslaGw=",
			"requires": {
				"commander": "0.6.1",
				"mkdirp": "0.3.0"
			}
		},
		"kind-of": {
			"version": "3.2.2",
			"resolved": "https://registry.npmjs.org/kind-of/-/kind-of-3.2.2.tgz",
			"integrity": "sha1-MeohpzS6ubuw8yRm2JOupR5KPGQ=",
			"requires": {
				"is-buffer": "^1.1.5"
			}
		},
		"lazy-cache": {
			"version": "1.0.4",
			"resolved": "https://registry.npmjs.org/lazy-cache/-/lazy-cache-1.0.4.tgz",
			"integrity": "sha1-odePw6UEdMuAhF07O24dpJpEbo4="
		},
		"less": {
			"version": "1.3.1",
			"resolved": "https://registry.npmjs.org/less/-/less-1.3.1.tgz",
			"integrity": "sha1-TPcomLIIGpZGP5w43KXIn8IKm6g="
		},
		"longest": {
			"version": "1.0.1",
			"resolved": "https://registry.npmjs.org/longest/-/longest-1.0.1.tgz",
			"integrity": "sha1-MKCy2jj3N3DoKUoNIuZiXtd9AJc="
		},
		"mime": {
			"version": "1.2.2",
			"resolved": "https://registry.npmjs.org/mime/-/mime-1.2.2.tgz",
			"integrity": "sha1-udY1W/U+jX1WaTEw5FHa/zQBSM8="
		},
		"mkdirp": {
			"version": "0.3.0",
			"resolved": "https://registry.npmjs.org/mkdirp/-/mkdirp-0.3.0.tgz",
			"integrity": "sha1-G79asbqCevI1dRQ0kEJkVfSB/h4="
		},
		"repeat-string": {
			"version": "1.6.1",
			"resolved": "https://registry.npmjs.org/repeat-string/-/repeat-string-1.6.1.tgz",
			"integrity": "sha1-jcrkcOHIirwtYA//Sndihtp15jc="
		},
		"right-align": {
			"version": "0.1.3",
			"resolved": "https://registry.npmjs.org/right-align/-/right-align-0.1.3.tgz",
			"integrity": "sha1-YTObci/mo1FWiSENJOFMlhSGE+8=",
			"requires": {
				"align-text": "^0.1.1"
			}
		},
		"snockets": {
			"version": "1.3.8",
			"resolved": "https://registry.npmjs.org/snockets/-/snockets-1.3.8.tgz",
			"integrity": "sha1-RcGsmRHF/AIwhhCeSQcMN6lg2zI=",
			"requires": {
				"coffee-script": ">=1.1.2",
				"dep-graph": "1.1.0",
				"mime": "1.2.2",
				"uglify-js": "1.0.7",
				"underscore": "1.1.7"
			},
			"dependencies": {
				"uglify-js": {
					"version": "1.0.7",
					"resolved": "https://registry.npmjs.org/uglify-js/-/uglify-js-1.0.7.tgz",
					"integrity": "sha1-K3oQ5ij4gCmlU9K0u7F0CTQ3VcA="
				}
			}
		},
		"source-map": {
			"version": "0.1.22",
			"resolved": "https://registry.npmjs.org/source-map/-/source-map-0.1.22.tgz",
			"integrity": "sha1-QlkGFi+BvxEFUszJkx26B56fE0E=",
			"requires": {
				"amdefine": ">=0.0.4"
			}
		},
		"uglify-js": {
			"version": "2.6.0",
			"resolved": "https://registry.npmjs.org/uglify-js/-/uglify-js-2.6.0.tgz",
			"integrity": "sha1-JeqhzDVQ45QQzu+v0c+7a20V8AE=",
			"requires": {
				"async": "~0.2.6",
				"source-map": "~0.5.1",
				"uglify-to-browserify": "~1.0.0",
				"yargs": "~3.10.0"
			},
			"dependencies": {
				"source-map": {
					"version": "0.5.7",
					"resolved": "https://registry.npmjs.org/source-map/-/source-map-0.5.7.tgz",
					"integrity": "sha1-igOdLRAh0i0eoUyA2OpGi6LvP8w="
				}
			}
		},
		"uglify-to-browserify": {
			"version": "1.0.2",
			"resolved": "https://registry.npmjs.org/uglify-to-browserify/-/uglify-to-browserify-1.0.2.tgz",
			"integrity": "sha1-bgkk1r2mta/jSeOabWMoUKD4grc="
		},
		"underscore": {
			"version": "1.1.7",
			"resolved": "https://registry.npmjs.org/underscore/-/underscore-1.1.7.tgz",
			"integrity": "sha1-QLq4S60Z0jAJbo1u9ii/8FXYPbA="
		},
		"websocket": {
			"version": "1.0.8",
			"resolved": "https://registry.npmjs.org/websocket/-/websocket-1.0.8.tgz",
			"integrity": "sha1-QbBac3396JkSXTND0EQqPMZ6GwA="
		},
		"window-size": {
			"version": "0.1.0",
			"resolved": "https://registry.npmjs.org/window-size/-/window-size-0.1.0.tgz",
			"integrity": "sha1-VDjNLqk7IC76Ohn+iIeu58lPnJ0="
		},
		"wordwrap": {
			"version": "0.0.2",
			"resolved": "https://registry.npmjs.org/wordwrap/-/wordwrap-0.0.2.tgz",
			"integrity": "sha1-t5Zpu0LstAn4PVg8rVLKF+qhZD8="
		},
		"wrench": {
			"version": "1.4.4",
			"resolved": "https://registry.npmjs.org/wrench/-/wrench-1.4.4.tgz",
			"integrity": "sha1-f1I+/bcbAQDnfc6DTAZSPL49VOA="
		},
		"yargs": {
			"version": "3.10.0",
			"resolved": "https://registry.npmjs.org/yargs/-/yargs-3.10.0.tgz",
			"integrity": "sha1-9+572FfdfB0tOMDnTvvWgdFDH9E=",
			"requires": {
				"camelcase": "^1.0.2",
				"cliui": "^2.1.0",
				"decamelize": "^1.0.0",
				"window-size": "0.1.0"
			}
		}
	}
}
